
Microsoft Visual Studio Solution File, Format Version 12.00
# Visual Studio Version 17
VisualStudioVersion = 17.7.34202.233
MinimumVisualStudioVersion = 10.0.40219.1
Project("{FAE04EC0-301F-11D3-BF4B-00C04F79EFBC}") = "Kimi.NetExtensions", "Kimi.NetExtensions\Kimi.NetExtensions.csproj", "{46A8E2FF-73DB-4CBB-8042-6560BF7AE2EC}"
EndProject
Global
	GlobalSection(SolutionConfigurationPlatforms) = preSolution
		Debug|Any CPU = Debug|Any CPU
		Release|Any CPU = Release|Any CPU
	EndGlobalSection
	GlobalSection(ProjectConfigurationPlatforms) = postSolution
		{46A8E2FF-73DB-4CBB-8042-6560BF7AE2EC}.Debug|Any CPU.ActiveCfg = Debug|Any CPU
		{46A8E2FF-73DB-4CBB-8042-6560BF7AE2EC}.Debug|Any CPU.Build.0 = Debug|Any CPU
		{46A8E2FF-73DB-4CBB-8042-6560BF7AE2EC}.Release|Any CPU.ActiveCfg = Release|Any CPU
		{46A8E2FF-73DB-4CBB-8042-6560BF7AE2EC}.Release|Any CPU.Build.0 = Release|Any CPU
	EndGlobalSection
	GlobalSection(SolutionProperties) = preSolution
		HideSolutionNode = FALSE
	EndGlobalSection
	GlobalSection(ExtensibilityGlobals) = postSolution
		SolutionGuid = {0C2A5D49-C3EB-4AA3-86C9-A538C96B029C}
	EndGlobalSection
EndGlobal
